
Microsoft Visual Studio Solution File, Format Version 12.00
# Visual Studio 15
VisualStudioVersion = 15.0.26228.4
MinimumVisualStudioVersion = 10.0.40219.1
Project("{8BC9CEB8-8B4A-11D0-8D11-00A0C91BC942}") = "BRDFViewer", "BRDFViewer\BRDFViewer.vcxproj", "{89D471DC-CE63-4CC5-821A-5D6BA84A6160}"
EndProject
Project("{8BC9CEB8-8B4A-11D0-8D11-00A0C91BC942}") = "Common", "Common\Common\Common.vcxproj", "{2BFC233C-C9CE-41E3-8DFE-8EB179832E82}"
EndProject
Global
	GlobalSection(SolutionConfigurationPlatforms) = preSolution
		Debug|x64 = Debug|x64
		Debug|x86 = Debug|x86
		Release|x64 = Release|x64
		Release|x86 = Release|x86
	EndGlobalSection
	GlobalSection(ProjectConfigurationPlatforms) = postSolution
		{89D471DC-CE63-4CC5-821A-5D6BA84A6160}.Debug|x64.ActiveCfg = Debug|x64
		{89D471DC-CE63-4CC5-821A-5D6BA84A6160}.Debug|x64.Build.0 = Debug|x64
		{89D471DC-CE63-4CC5-821A-5D6BA84A6160}.Debug|x86.ActiveCfg = Debug|Win32
		{89D471DC-CE63-4CC5-821A-5D6BA84A6160}.Debug|x86.Build.0 = Debug|Win32
		{89D471DC-CE63-4CC5-821A-5D6BA84A6160}.Release|x64.ActiveCfg = Release|x64
		{89D471DC-CE63-4CC5-821A-5D6BA84A6160}.Release|x64.Build.0 = Release|x64
		{89D471DC-CE63-4CC5-821A-5D6BA84A6160}.Release|x86.ActiveCfg = Release|Win32
		{89D471DC-CE63-4CC5-821A-5D6BA84A6160}.Release|x86.Build.0 = Release|Win32
		{2BFC233C-C9CE-41E3-8DFE-8EB179832E82}.Debug|x64.ActiveCfg = Debug|x64
		{2BFC233C-C9CE-41E3-8DFE-8EB179832E82}.Debug|x64.Build.0 = Debug|x64
		{2BFC233C-C9CE-41E3-8DFE-8EB179832E82}.Debug|x86.ActiveCfg = Debug|Win32
		{2BFC233C-C9CE-41E3-8DFE-8EB179832E82}.Debug|x86.Build.0 = Debug|Win32
		{2BFC233C-C9CE-41E3-8DFE-8EB179832E82}.Release|x64.ActiveCfg = Release|x64
		{2BFC233C-C9CE-41E3-8DFE-8EB179832E82}.Release|x64.Build.0 = Release|x64
		{2BFC233C-C9CE-41E3-8DFE-8EB179832E82}.Release|x86.ActiveCfg = Release|Win32
		{2BFC233C-C9CE-41E3-8DFE-8EB179832E82}.Release|x86.Build.0 = Release|Win32
	EndGlobalSection
	GlobalSection(SolutionProperties) = preSolution
		HideSolutionNode = FALSE
	EndGlobalSection
EndGlobal
